# This file is automatically @generated by Cargo.
# It is not intended for manual editing.
version = 3

[[package]]
name = "math"
version = "0.1.0"
dependencies = [
 "modint",
 "numeric",
]

[[package]]
name = "modint"
version = "0.1.0"

[[package]]
name = "numeric"
version = "0.1.0"
dependencies = [
 "modint",
]

[[package]]
name = "rational"
version = "0.1.0"
dependencies = [
 "math",
 "numeric",
]
