# This file is automatically @generated by Cargo.
# It is not intended for manual editing.
version = 3

[[package]]
name = "convolution-simd"
version = "0.1.0"
dependencies = [
 "math",
 "modint",
]

[[package]]
name = "iolib"
version = "0.1.0"

[[package]]
name = "math"
version = "0.1.0"
dependencies = [
 "modint",
 "numeric",
]

[[package]]
name = "modint"
version = "0.1.0"
dependencies = [
 "numeric",
]

[[package]]
name = "numeric"
version = "0.1.0"

[[package]]
name = "polynomial"
version = "0.1.0"
dependencies = [
 "convolution-simd",
 "iolib",
 "modint",
]
